
Microsoft Visual Studio Solution File, Format Version 12.00
# Visual Studio 15
VisualStudioVersion = 15.0.27703.2047
MinimumVisualStudioVersion = 10.0.40219.1
Project("{FAE04EC0-301F-11D3-BF4B-00C04F79EFBC}") = "ScheduleICS.Test", "ScheduleICS.Test\ScheduleICS.Test.csproj", "{FE9220B7-373D-49BC-8999-FC0214FC0F2D}"
EndProject
Project("{FAE04EC0-301F-11D3-BF4B-00C04F79EFBC}") = "ScheduleICS", "ScheduleICS\ScheduleICS.csproj", "{6DB56871-CC1C-4AA6-87F6-3A7C9EE420E9}"
EndProject
Global
	GlobalSection(SolutionConfigurationPlatforms) = preSolution
		Debug|Any CPU = Debug|Any CPU
		Release|Any CPU = Release|Any CPU
	EndGlobalSection
	GlobalSection(ProjectConfigurationPlatforms) = postSolution
		{FE9220B7-373D-49BC-8999-FC0214FC0F2D}.Debug|Any CPU.ActiveCfg = Debug|Any CPU
		{FE9220B7-373D-49BC-8999-FC0214FC0F2D}.Debug|Any CPU.Build.0 = Debug|Any CPU
		{FE9220B7-373D-49BC-8999-FC0214FC0F2D}.Release|Any CPU.ActiveCfg = Release|Any CPU
		{FE9220B7-373D-49BC-8999-FC0214FC0F2D}.Release|Any CPU.Build.0 = Release|Any CPU
		{6DB56871-CC1C-4AA6-87F6-3A7C9EE420E9}.Debug|Any CPU.ActiveCfg = Debug|Any CPU
		{6DB56871-CC1C-4AA6-87F6-3A7C9EE420E9}.Debug|Any CPU.Build.0 = Debug|Any CPU
		{6DB56871-CC1C-4AA6-87F6-3A7C9EE420E9}.Release|Any CPU.ActiveCfg = Release|Any CPU
		{6DB56871-CC1C-4AA6-87F6-3A7C9EE420E9}.Release|Any CPU.Build.0 = Release|Any CPU
	EndGlobalSection
	GlobalSection(SolutionProperties) = preSolution
		HideSolutionNode = FALSE
	EndGlobalSection
	GlobalSection(ExtensibilityGlobals) = postSolution
		SolutionGuid = {BAC8EDAF-5A31-4BE7-9526-A9FDECEC5320}
	EndGlobalSection
EndGlobal
